
Microsoft Visual Studio Solution File, Format Version 12.00
# Visual Studio 15
VisualStudioVersion = 15.0.26730.12
MinimumVisualStudioVersion = 10.0.40219.1
Project("{9A19103F-16F7-4668-BE54-9A1E7A4F7556}") = "MsSQLAdmin", "MsSQLAdmin\MsSQLAdmin.csproj", "{5B9316C8-1966-4165-9566-9C6FCD910F61}"
EndProject
Project("{9A19103F-16F7-4668-BE54-9A1E7A4F7556}") = "PoorMansTSqlFormatterRedux", "PoorMansTSqlFormatterRedux\PoorMansTSqlFormatterRedux.csproj", "{F7FCCFCC-8C4B-40C2-A341-BBD089D15FFB}"
EndProject
Global
	GlobalSection(SolutionConfigurationPlatforms) = preSolution
		Debug|Any CPU = Debug|Any CPU
		Release|Any CPU = Release|Any CPU
	EndGlobalSection
	GlobalSection(ProjectConfigurationPlatforms) = postSolution
		{5B9316C8-1966-4165-9566-9C6FCD910F61}.Debug|Any CPU.ActiveCfg = Debug|Any CPU
		{5B9316C8-1966-4165-9566-9C6FCD910F61}.Debug|Any CPU.Build.0 = Debug|Any CPU
		{5B9316C8-1966-4165-9566-9C6FCD910F61}.Release|Any CPU.ActiveCfg = Release|Any CPU
		{5B9316C8-1966-4165-9566-9C6FCD910F61}.Release|Any CPU.Build.0 = Release|Any CPU
		{F7FCCFCC-8C4B-40C2-A341-BBD089D15FFB}.Debug|Any CPU.ActiveCfg = Debug|Any CPU
		{F7FCCFCC-8C4B-40C2-A341-BBD089D15FFB}.Debug|Any CPU.Build.0 = Debug|Any CPU
		{F7FCCFCC-8C4B-40C2-A341-BBD089D15FFB}.Release|Any CPU.ActiveCfg = Release|Any CPU
		{F7FCCFCC-8C4B-40C2-A341-BBD089D15FFB}.Release|Any CPU.Build.0 = Release|Any CPU
	EndGlobalSection
	GlobalSection(SolutionProperties) = preSolution
		HideSolutionNode = FALSE
	EndGlobalSection
	GlobalSection(ExtensibilityGlobals) = postSolution
		SolutionGuid = {545CEC82-41AE-482C-8234-35AC4467701F}
	EndGlobalSection
EndGlobal
